{
  "requires": true,
  "lockfileVersion": 1,
  "dependencies": {
    "serverless-plugin-scripts": {
      "version": "1.0.2",
      "resolved": "https://registry.npmjs.org/serverless-plugin-scripts/-/serverless-plugin-scripts-1.0.2.tgz",
      "integrity": "sha1-IYCMPP0KGoTkjAZgsPbzcLVmVIY="
    }
  }
}
